
Microsoft Visual Studio Solution File, Format Version 12.00
# Visual Studio Version 17
VisualStudioVersion = 17.14.36327.8 d17.14
MinimumVisualStudioVersion = 10.0.40219.1
Project("{FAE04EC0-301F-11D3-BF4B-00C04F79EFBC}") = "Student Manager", "Student Manager.csproj", "{96FCAA94-2608-4AAD-9C6F-43CEC35F2F49}"
EndProject
Global
	GlobalSection(SolutionConfigurationPlatforms) = preSolution
		Debug|Any CPU = Debug|Any CPU
		Release|Any CPU = Release|Any CPU
	EndGlobalSection
	GlobalSection(ProjectConfigurationPlatforms) = postSolution
		{96FCAA94-2608-4AAD-9C6F-43CEC35F2F49}.Debug|Any CPU.ActiveCfg = Debug|Any CPU
		{96FCAA94-2608-4AAD-9C6F-43CEC35F2F49}.Debug|Any CPU.Build.0 = Debug|Any CPU
		{96FCAA94-2608-4AAD-9C6F-43CEC35F2F49}.Release|Any CPU.ActiveCfg = Release|Any CPU
		{96FCAA94-2608-4AAD-9C6F-43CEC35F2F49}.Release|Any CPU.Build.0 = Release|Any CPU
	EndGlobalSection
	GlobalSection(SolutionProperties) = preSolution
		HideSolutionNode = FALSE
	EndGlobalSection
	GlobalSection(ExtensibilityGlobals) = postSolution
		SolutionGuid = {693AE41F-A8C3-40CA-A080-432BC6BBE51A}
	EndGlobalSection
EndGlobal
